
Microsoft Visual Studio Solution File, Format Version 12.00
# Visual Studio Version 16
VisualStudioVersion = 16.0.32228.343
MinimumVisualStudioVersion = 10.0.40219.1
Project("{FAE04EC0-301F-11D3-BF4B-00C04F79EFBC}") = "Log Checker", "Log Checker\Log Checker.csproj", "{3B488DF5-31A4-4A97-B2CA-C628A8DAAAED}"
EndProject
Global
	GlobalSection(SolutionConfigurationPlatforms) = preSolution
		Debug|Any CPU = Debug|Any CPU
		Release|Any CPU = Release|Any CPU
	EndGlobalSection
	GlobalSection(ProjectConfigurationPlatforms) = postSolution
		{3B488DF5-31A4-4A97-B2CA-C628A8DAAAED}.Debug|Any CPU.ActiveCfg = Debug|Any CPU
		{3B488DF5-31A4-4A97-B2CA-C628A8DAAAED}.Debug|Any CPU.Build.0 = Debug|Any CPU
		{3B488DF5-31A4-4A97-B2CA-C628A8DAAAED}.Release|Any CPU.ActiveCfg = Release|Any CPU
		{3B488DF5-31A4-4A97-B2CA-C628A8DAAAED}.Release|Any CPU.Build.0 = Release|Any CPU
	EndGlobalSection
	GlobalSection(SolutionProperties) = preSolution
		HideSolutionNode = FALSE
	EndGlobalSection
	GlobalSection(ExtensibilityGlobals) = postSolution
		SolutionGuid = {9068ED41-1F70-4C8F-83F4-D69CEF26C796}
	EndGlobalSection
EndGlobal
